
Microsoft Visual Studio Solution File, Format Version 12.00
# Visual Studio Version 17
VisualStudioVersion = 17.12.35527.113
MinimumVisualStudioVersion = 10.0.40219.1
Project("{FAE04EC0-301F-11D3-BF4B-00C04F79EFBC}") = "TriangleChecker", "TriangleChecker\TriangleChecker.csproj", "{01EB6111-D14C-465A-84E4-1C1FA2BE3AEB}"
EndProject
Project("{2150E333-8FDC-42A3-9474-1A3956D46DE8}") = "Task2", "Task2", "{A058344E-396D-49BD-B37B-065C0E4B9E90}"
EndProject
Project("{FAE04EC0-301F-11D3-BF4B-00C04F79EFBC}") = "TriangleChecker.Tests", "TriangleChecker.Tests\TriangleChecker.Tests.csproj", "{581DB3B8-AB6E-4AE7-B8B8-D90C110319FE}"
EndProject
Project("{FAE04EC0-301F-11D3-BF4B-00C04F79EFBC}") = "TriangleChecker.Console", "TriangleChecker.Console\TriangleChecker.Console.csproj", "{4C9806EA-5FBD-4EC4-B67D-3B3EAA2990B7}"
EndProject
Project("{2150E333-8FDC-42A3-9474-1A3956D46DE8}") = "Solution Items", "Solution Items", "{E095FA9D-065A-4386-9302-55A5CDB174B5}"
	ProjectSection(SolutionItems) = preProject
		README.md = README.md
	EndProjectSection
EndProject
Global
	GlobalSection(SolutionConfigurationPlatforms) = preSolution
		Debug|Any CPU = Debug|Any CPU
		Release|Any CPU = Release|Any CPU
	EndGlobalSection
	GlobalSection(ProjectConfigurationPlatforms) = postSolution
		{01EB6111-D14C-465A-84E4-1C1FA2BE3AEB}.Debug|Any CPU.ActiveCfg = Debug|Any CPU
		{01EB6111-D14C-465A-84E4-1C1FA2BE3AEB}.Debug|Any CPU.Build.0 = Debug|Any CPU
		{01EB6111-D14C-465A-84E4-1C1FA2BE3AEB}.Release|Any CPU.ActiveCfg = Release|Any CPU
		{01EB6111-D14C-465A-84E4-1C1FA2BE3AEB}.Release|Any CPU.Build.0 = Release|Any CPU
		{581DB3B8-AB6E-4AE7-B8B8-D90C110319FE}.Debug|Any CPU.ActiveCfg = Debug|Any CPU
		{581DB3B8-AB6E-4AE7-B8B8-D90C110319FE}.Debug|Any CPU.Build.0 = Debug|Any CPU
		{581DB3B8-AB6E-4AE7-B8B8-D90C110319FE}.Release|Any CPU.ActiveCfg = Release|Any CPU
		{581DB3B8-AB6E-4AE7-B8B8-D90C110319FE}.Release|Any CPU.Build.0 = Release|Any CPU
		{4C9806EA-5FBD-4EC4-B67D-3B3EAA2990B7}.Debug|Any CPU.ActiveCfg = Debug|Any CPU
		{4C9806EA-5FBD-4EC4-B67D-3B3EAA2990B7}.Debug|Any CPU.Build.0 = Debug|Any CPU
		{4C9806EA-5FBD-4EC4-B67D-3B3EAA2990B7}.Release|Any CPU.ActiveCfg = Release|Any CPU
		{4C9806EA-5FBD-4EC4-B67D-3B3EAA2990B7}.Release|Any CPU.Build.0 = Release|Any CPU
	EndGlobalSection
	GlobalSection(SolutionProperties) = preSolution
		HideSolutionNode = FALSE
	EndGlobalSection
	GlobalSection(NestedProjects) = preSolution
		{01EB6111-D14C-465A-84E4-1C1FA2BE3AEB} = {A058344E-396D-49BD-B37B-065C0E4B9E90}
		{581DB3B8-AB6E-4AE7-B8B8-D90C110319FE} = {A058344E-396D-49BD-B37B-065C0E4B9E90}
		{4C9806EA-5FBD-4EC4-B67D-3B3EAA2990B7} = {A058344E-396D-49BD-B37B-065C0E4B9E90}
	EndGlobalSection
EndGlobal
